<Project xmlns="http://schemas.microsoft.com/developer/msbuild/2003">
    <PropertyGroup>
        <ProjectGuid>{A0F58AEA-D794-48AB-99B5-C4118A6E65EE}</ProjectGuid>
        <ProjectVersion>14.3</ProjectVersion>
        <MainSource>TurboGMikrotikLoggerServiceControl.dpr</MainSource>
        <Config Condition="'$(Config)'==''">Release</Config>
        <DCC_DCCCompiler>DCC32</DCC_DCCCompiler>
        <FrameworkType>None</FrameworkType>
        <Base>True</Base>
        <Platform Condition="'$(Platform)'==''">Win32</Platform>
        <TargetedPlatforms>1</TargetedPlatforms>
        <AppType>Application</AppType>
    </PropertyGroup>
    <PropertyGroup Condition="'$(Config)'=='Base' or '$(Base)'!=''">
        <Base>true</Base>
    </PropertyGroup>
    <PropertyGroup Condition="('$(Platform)'=='Win32' and '$(Base)'=='true') or '$(Base_Win32)'!=''">
        <Base_Win32>true</Base_Win32>
        <CfgParent>Base</CfgParent>
        <Base>true</Base>
    </PropertyGroup>
    <PropertyGroup Condition="('$(Platform)'=='Win64' and '$(Base)'=='true') or '$(Base_Win64)'!=''">
        <Base_Win64>true</Base_Win64>
        <CfgParent>Base</CfgParent>
        <Base>true</Base>
    </PropertyGroup>
    <PropertyGroup Condition="'$(Config)'=='Release' or '$(Cfg_1)'!=''">
        <Cfg_1>true</Cfg_1>
        <CfgParent>Base</CfgParent>
        <Base>true</Base>
    </PropertyGroup>
    <PropertyGroup Condition="('$(Platform)'=='Win32' and '$(Cfg_1)'=='true') or '$(Cfg_1_Win32)'!=''">
        <Cfg_1_Win32>true</Cfg_1_Win32>
        <CfgParent>Cfg_1</CfgParent>
        <Cfg_1>true</Cfg_1>
        <Base>true</Base>
    </PropertyGroup>
    <PropertyGroup Condition="'$(Config)'=='Debug' or '$(Cfg_2)'!=''">
        <Cfg_2>true</Cfg_2>
        <CfgParent>Base</CfgParent>
        <Base>true</Base>
    </PropertyGroup>
    <PropertyGroup Condition="'$(Base)'!=''">
        <VerInfo_Release>1</VerInfo_Release>
        <VerInfo_IncludeVerInfo>true</VerInfo_IncludeVerInfo>
        <DCC_Namespace>System;Xml;Data;Datasnap;Web;Soap;Vcl;Winapi;Vcl.Imaging;$(DCC_Namespace)</DCC_Namespace>
        <VerInfo_AutoGenVersion>true</VerInfo_AutoGenVersion>
        <VerInfo_Build>15</VerInfo_Build>
        <VerInfo_Keys>CompanyName=;FileDescription=;FileVersion=1.1.1.15;InternalName=;LegalCopyright=;LegalTrademarks=;OriginalFilename=;ProductName=;ProductVersion=1.0.0.0;Comments=</VerInfo_Keys>
        <VerInfo_Locale>1033</VerInfo_Locale>
        <VerInfo_MinorVer>1</VerInfo_MinorVer>
        <DCC_UsePackage>vclx;vcl;vclimg;dbrtl;Rave77VCL;bdertl;rtl;vclactnband;vcldb;vcldbx;vcltouch;xmlrtl;dsnap;dsnapcon;TeeUI;Tee;TeeDB;vclib;ibxpress;adortl;IndyCore;IndySystem;IndyProtocols;inet;intrawebdb_100_140;Intraweb_100_140;VclSmp;vclie;websnap;webdsnap;inetdb;inetdbbde;inetdbxpress;soaprtl;dbexpress;DbxCommonDriver;DataSnapIndy10ServerTransport;DataSnapProviderClient;DataSnapServer;DbxClientDriver;DBXInterBaseDriver;DBXMySQLDriver;dbxcds;DBXFirebirdDriver;DBXSybaseASEDriver;DBXSybaseASADriver;DBXOracleDriver;DBXMSSQLDriver;DBXInformixDriver;DBXDb2Driver;Jcl;JclVcl;JclDeveloperTools;JclContainers;rxctl;JvCore;JvSystem;JvStdCtrls;JvAppFrm;JvDB;JvDlgs;JvBDE;JvControls;JvCmp;JvCrypt;JvCustom;JvDocking;JvDotNetCtrls;JvGlobus;JvHMI;JvJans;JvManagedThreads;JvMM;JvNet;JvPageComps;JvPascalInterpreter;JvPrintPreview;JvRuntimeDesign;JvTimeFramework;JvWizards;JvXPCtrls;rxdb;rxbde;dklang12;OverbyteIcsD2010Run;CPortLibD2010;dacvcl140;dac140;mxProtector_d12;siplib2010;ZComponent;ZParseSql;ZCore;ZDbc;ZPlain;NewAC;$(DCC_UsePackage)</DCC_UsePackage>
        <DCC_DependencyCheckOutputName>TurboGMikrotikLoggerServiceControl.exe</DCC_DependencyCheckOutputName>
        <DCC_ImageBase>00400000</DCC_ImageBase>
        <DCC_Platform>x86</DCC_Platform>
    </PropertyGroup>
    <PropertyGroup Condition="'$(Base_Win32)'!=''">
        <VerInfo_IncludeVerInfo>true</VerInfo_IncludeVerInfo>
        <Manifest_File>$(BDS)\bin\default_app.manifest</Manifest_File>
        <DCC_Namespace>System.Win;Data.Win;Datasnap.Win;Web.Win;Soap.Win;Xml.Win;Bde;$(DCC_Namespace)</DCC_Namespace>
        <Icon_MainIcon>TurboGMikrotikLoggerServiceControl_Icon5.ico</Icon_MainIcon>
        <VerInfo_Locale>1033</VerInfo_Locale>
        <VerInfo_Keys>CompanyName=;FileDescription=;FileVersion=1.0.0.0;InternalName=;LegalCopyright=;LegalTrademarks=;OriginalFilename=;ProductName=;ProductVersion=1.0.0.0;Comments=</VerInfo_Keys>
    </PropertyGroup>
    <PropertyGroup Condition="'$(Base_Win64)'!=''">
        <Manifest_File>$(BDS)\bin\default_app.manifest</Manifest_File>
        <Icon_MainIcon>TurboGMikrotikLoggerServiceControl_Icon5.ico</Icon_MainIcon>
    </PropertyGroup>
    <PropertyGroup Condition="'$(Cfg_1)'!=''">
        <DCC_LocalDebugSymbols>false</DCC_LocalDebugSymbols>
        <DCC_Define>RELEASE;$(DCC_Define)</DCC_Define>
        <DCC_SymbolReferenceInfo>0</DCC_SymbolReferenceInfo>
        <DCC_DebugInformation>false</DCC_DebugInformation>
    </PropertyGroup>
    <PropertyGroup Condition="'$(Cfg_1_Win32)'!=''">
        <Manifest_File>None</Manifest_File>
        <VerInfo_IncludeVerInfo>false</VerInfo_IncludeVerInfo>
    </PropertyGroup>
    <PropertyGroup Condition="'$(Cfg_2)'!=''">
        <DCC_Define>DEBUG;$(DCC_Define)</DCC_Define>
    </PropertyGroup>
    <ItemGroup>
        <DelphiCompile Include="$(MainSource)">
            <MainSource>MainSource</MainSource>
        </DelphiCompile>
        <DCCReference Include="ServerModule.pas">
            <Form>UniServerModule</Form>
            <DesignClass>TUniGUIServerModule</DesignClass>
        </DCCReference>
        <DCCReference Include="MainModule.pas">
            <Form>UniMainModule</Form>
            <DesignClass>TUniGUIMainModule</DesignClass>
        </DCCReference>
        <DCCReference Include="Main.pas">
            <Form>MainForm</Form>
            <DesignClass>TUniForm</DesignClass>
        </DCCReference>
        <DCCReference Include="ServiceModule.pas">
            <Form>TurboGMikrotikLogger</Form>
            <DesignClass>TUniGUIService</DesignClass>
        </DCCReference>
        <DCCReference Include="AboutUnit.pas">
            <Form>About</Form>
            <DesignClass>TUniForm</DesignClass>
        </DCCReference>
        <DCCReference Include="LoginFormUnit.pas">
            <Form>LoginForm</Form>
            <DesignClass>TUniForm</DesignClass>
        </DCCReference>
        <DCCReference Include="AliasesUnit.pas">
            <Form>Aliases</Form>
            <DesignClass>TUniForm</DesignClass>
        </DCCReference>
        <DCCReference Include="ApplicationUsersUnit.pas">
            <Form>ApplicationUsers</Form>
            <DesignClass>TUniForm</DesignClass>
        </DCCReference>
        <DCCReference Include="UserBasedReportUnit.pas">
            <Form>UserBasedReport</Form>
            <DesignClass>TUniForm</DesignClass>
        </DCCReference>
        <DCCReference Include="Top100UsersUnit.pas">
            <Form>Top100Users</Form>
            <DesignClass>TUniForm</DesignClass>
        </DCCReference>
        <DCCReference Include="Top100DomainsUnit.pas">
            <Form>Top100Domains</Form>
            <DesignClass>TUniForm</DesignClass>
        </DCCReference>
        <DCCReference Include="ayarunit.pas"/>
        <DCCReference Include="DHCPLogsUnit.pas">
            <Form>DHCPLogsForm</Form>
            <DesignClass>TUniForm</DesignClass>
        </DCCReference>
        <DCCReference Include="SettingsUnit.pas">
            <Form>SettingsForm</Form>
            <DesignClass>TUniForm</DesignClass>
        </DCCReference>
        <BuildConfiguration Include="Debug">
            <Key>Cfg_2</Key>
            <CfgParent>Base</CfgParent>
        </BuildConfiguration>
        <BuildConfiguration Include="Base">
            <Key>Base</Key>
        </BuildConfiguration>
        <BuildConfiguration Include="Release">
            <Key>Cfg_1</Key>
            <CfgParent>Base</CfgParent>
        </BuildConfiguration>
    </ItemGroup>
    <Import Project="$(BDS)\Bin\CodeGear.Delphi.Targets" Condition="Exists('$(BDS)\Bin\CodeGear.Delphi.Targets')"/>
    <ProjectExtensions>
        <Borland.Personality>Delphi.Personality.12</Borland.Personality>
        <Borland.ProjectType/>
        <BorlandProject>
            <Delphi.Personality>
                <Source>
                    <Source Name="MainSource">TurboGMikrotikLoggerServiceControl.dpr</Source>
                </Source>
                <Parameters>
                    <Parameters Name="UseLauncher">False</Parameters>
                    <Parameters Name="LoadAllSymbols">True</Parameters>
                    <Parameters Name="LoadUnspecifiedSymbols">False</Parameters>
                </Parameters>
                <VersionInfo>
                    <VersionInfo Name="IncludeVerInfo">True</VersionInfo>
                    <VersionInfo Name="AutoIncBuild">True</VersionInfo>
                    <VersionInfo Name="MajorVer">1</VersionInfo>
                    <VersionInfo Name="MinorVer">1</VersionInfo>
                    <VersionInfo Name="Release">1</VersionInfo>
                    <VersionInfo Name="Build">17</VersionInfo>
                    <VersionInfo Name="Debug">False</VersionInfo>
                    <VersionInfo Name="PreRelease">False</VersionInfo>
                    <VersionInfo Name="Special">False</VersionInfo>
                    <VersionInfo Name="Private">False</VersionInfo>
                    <VersionInfo Name="DLL">False</VersionInfo>
                    <VersionInfo Name="Locale">1033</VersionInfo>
                    <VersionInfo Name="CodePage">1252</VersionInfo>
                </VersionInfo>
                <VersionInfoKeys>
                    <VersionInfoKeys Name="CompanyName"/>
                    <VersionInfoKeys Name="FileDescription"/>
                    <VersionInfoKeys Name="FileVersion">1.1.1.17</VersionInfoKeys>
                    <VersionInfoKeys Name="InternalName"/>
                    <VersionInfoKeys Name="LegalCopyright"/>
                    <VersionInfoKeys Name="LegalTrademarks"/>
                    <VersionInfoKeys Name="OriginalFilename"/>
                    <VersionInfoKeys Name="ProductName"/>
                    <VersionInfoKeys Name="ProductVersion">1.0.0.0</VersionInfoKeys>
                    <VersionInfoKeys Name="Comments"/>
                </VersionInfoKeys>
                <Excluded_Packages>
                    <Excluded_Packages Name="C:\Program Files (x86)\FastReports\LibD17\dclfs17.bpl">File C:\Program Files (x86)\FastReports\LibD17\dclfs17.bpl not found</Excluded_Packages>
                    <Excluded_Packages Name="C:\Program Files (x86)\FastReports\LibD17\dclfrx17.bpl">File C:\Program Files (x86)\FastReports\LibD17\dclfrx17.bpl not found</Excluded_Packages>
                    <Excluded_Packages Name="C:\Program Files (x86)\FastReports\LibD17\dclfsDB17.bpl">File C:\Program Files (x86)\FastReports\LibD17\dclfsDB17.bpl not found</Excluded_Packages>
                    <Excluded_Packages Name="C:\Program Files (x86)\FastReports\LibD17\dclfrxDB17.bpl">File C:\Program Files (x86)\FastReports\LibD17\dclfrxDB17.bpl not found</Excluded_Packages>
                    <Excluded_Packages Name="C:\Program Files (x86)\FastReports\LibD17\dclfrxe17.bpl">File C:\Program Files (x86)\FastReports\LibD17\dclfrxe17.bpl not found</Excluded_Packages>
                    <Excluded_Packages Name="$(BDSBIN)\dclMetropolisUILiveTile170.bpl">Embarcadero Metropolis UI Live Tile Standard Components</Excluded_Packages>
                    <Excluded_Packages Name="$(BDSBIN)\bcboffice2k170.bpl">Embarcadero C++Builder Office 2000 Servers Package</Excluded_Packages>
                    <Excluded_Packages Name="$(BDSBIN)\bcbofficexp170.bpl">Embarcadero C++Builder Office XP Servers Package</Excluded_Packages>
                    <Excluded_Packages Name="$(BDSBIN)\dcloffice2k170.bpl">Microsoft Office 2000 Sample Automation Server Wrapper Components</Excluded_Packages>
                    <Excluded_Packages Name="$(BDSBIN)\dclofficexp170.bpl">Microsoft Office XP Sample Automation Server Wrapper Components</Excluded_Packages>
                </Excluded_Packages>
            </Delphi.Personality>
            <Platforms>
                <Platform value="OSX32">False</Platform>
                <Platform value="Win32">True</Platform>
                <Platform value="Win64">False</Platform>
            </Platforms>
        </BorlandProject>
        <ProjectFileVersion>12</ProjectFileVersion>
    </ProjectExtensions>
    <Import Project="$(APPDATA)\Embarcadero\$(BDSAPPDATABASEDIR)\$(PRODUCTVERSION)\UserTools.proj" Condition="Exists('$(APPDATA)\Embarcadero\$(BDSAPPDATABASEDIR)\$(PRODUCTVERSION)\UserTools.proj')"/>
</Project>
